
Microsoft Visual Studio Solution File, Format Version 12.00
# Visual Studio Version 17
VisualStudioVersion = 17.4.33122.133
MinimumVisualStudioVersion = 10.0.40219.1
Project("{FAE04EC0-301F-11D3-BF4B-00C04F79EFBC}") = "BengoBoxAuth", "BengoBoxAuth.csproj", "{2050CA71-D4CA-4EEF-9BC8-E2F3EC5133B4}"
EndProject
Global
	GlobalSection(SolutionConfigurationPlatforms) = preSolution
		Debug|Any CPU = Debug|Any CPU
		Release|Any CPU = Release|Any CPU
	EndGlobalSection
	GlobalSection(ProjectConfigurationPlatforms) = postSolution
		{2050CA71-D4CA-4EEF-9BC8-E2F3EC5133B4}.Debug|Any CPU.ActiveCfg = Debug|Any CPU
		{2050CA71-D4CA-4EEF-9BC8-E2F3EC5133B4}.Debug|Any CPU.Build.0 = Debug|Any CPU
		{2050CA71-D4CA-4EEF-9BC8-E2F3EC5133B4}.Release|Any CPU.ActiveCfg = Release|Any CPU
		{2050CA71-D4CA-4EEF-9BC8-E2F3EC5133B4}.Release|Any CPU.Build.0 = Release|Any CPU
	EndGlobalSection
	GlobalSection(SolutionProperties) = preSolution
		HideSolutionNode = FALSE
	EndGlobalSection
	GlobalSection(ExtensibilityGlobals) = postSolution
		SolutionGuid = {3476F6BE-AAE8-42AB-B1D8-CC0BC76B0785}
	EndGlobalSection
EndGlobal
